
Microsoft Visual Studio Solution File, Format Version 12.00
# Visual Studio Version 17
VisualStudioVersion = 17.2.32526.322
MinimumVisualStudioVersion = 10.0.40219.1
Project("{9A19103F-16F7-4668-BE54-9A1E7A4F7556}") = "RepositoryPattern", "RepositoryPattern\RepositoryPattern.csproj", "{E3351353-BA1F-4C21-A392-83A215BD86A1}"
EndProject
Project("{9A19103F-16F7-4668-BE54-9A1E7A4F7556}") = "Student.Entity", "Student.Entity\Student.Entity.csproj", "{AC35DA51-DAEB-49B4-9407-69031D374747}"
EndProject
Project("{9A19103F-16F7-4668-BE54-9A1E7A4F7556}") = "Student.DataAccess", "Student.DataAccess\Student.DataAccess.csproj", "{0507D162-60CD-4253-986F-E76EC0630AC6}"
EndProject
Project("{9A19103F-16F7-4668-BE54-9A1E7A4F7556}") = "Student.Business", "Student.Business\Student.Business.csproj", "{1338B8F1-FFF2-419D-ADDD-7574874ED64C}"
EndProject
Global
	GlobalSection(SolutionConfigurationPlatforms) = preSolution
		Debug|Any CPU = Debug|Any CPU
		Release|Any CPU = Release|Any CPU
	EndGlobalSection
	GlobalSection(ProjectConfigurationPlatforms) = postSolution
		{E3351353-BA1F-4C21-A392-83A215BD86A1}.Debug|Any CPU.ActiveCfg = Debug|Any CPU
		{E3351353-BA1F-4C21-A392-83A215BD86A1}.Debug|Any CPU.Build.0 = Debug|Any CPU
		{E3351353-BA1F-4C21-A392-83A215BD86A1}.Release|Any CPU.ActiveCfg = Release|Any CPU
		{E3351353-BA1F-4C21-A392-83A215BD86A1}.Release|Any CPU.Build.0 = Release|Any CPU
		{AC35DA51-DAEB-49B4-9407-69031D374747}.Debug|Any CPU.ActiveCfg = Debug|Any CPU
		{AC35DA51-DAEB-49B4-9407-69031D374747}.Debug|Any CPU.Build.0 = Debug|Any CPU
		{AC35DA51-DAEB-49B4-9407-69031D374747}.Release|Any CPU.ActiveCfg = Release|Any CPU
		{AC35DA51-DAEB-49B4-9407-69031D374747}.Release|Any CPU.Build.0 = Release|Any CPU
		{0507D162-60CD-4253-986F-E76EC0630AC6}.Debug|Any CPU.ActiveCfg = Debug|Any CPU
		{0507D162-60CD-4253-986F-E76EC0630AC6}.Debug|Any CPU.Build.0 = Debug|Any CPU
		{0507D162-60CD-4253-986F-E76EC0630AC6}.Release|Any CPU.ActiveCfg = Release|Any CPU
		{0507D162-60CD-4253-986F-E76EC0630AC6}.Release|Any CPU.Build.0 = Release|Any CPU
		{1338B8F1-FFF2-419D-ADDD-7574874ED64C}.Debug|Any CPU.ActiveCfg = Debug|Any CPU
		{1338B8F1-FFF2-419D-ADDD-7574874ED64C}.Debug|Any CPU.Build.0 = Debug|Any CPU
		{1338B8F1-FFF2-419D-ADDD-7574874ED64C}.Release|Any CPU.ActiveCfg = Release|Any CPU
		{1338B8F1-FFF2-419D-ADDD-7574874ED64C}.Release|Any CPU.Build.0 = Release|Any CPU
	EndGlobalSection
	GlobalSection(SolutionProperties) = preSolution
		HideSolutionNode = FALSE
	EndGlobalSection
	GlobalSection(ExtensibilityGlobals) = postSolution
		SolutionGuid = {103CCB94-B5F9-4F6B-845E-AB5D20E96AB7}
	EndGlobalSection
EndGlobal
