
Microsoft Visual Studio Solution File, Format Version 12.00
# Visual Studio Version 17
VisualStudioVersion = 17.2.32526.322
MinimumVisualStudioVersion = 10.0.40219.1
Project("{9A19103F-16F7-4668-BE54-9A1E7A4F7556}") = "Student.Api", "Student.Api\Student.Api.csproj", "{FE4394B5-2E29-4D85-A33E-BF4AE86D3980}"
EndProject
Project("{FAE04EC0-301F-11D3-BF4B-00C04F79EFBC}") = "Student.Entity", "Student.Entity\Student.Entity.csproj", "{CDB9A4B0-A4FB-474A-AEEC-B18A4B2FD95F}"
EndProject
Project("{FAE04EC0-301F-11D3-BF4B-00C04F79EFBC}") = "Student.DataAccess", "Student.DataAccess\Student.DataAccess.csproj", "{631686CD-BFA9-41CF-A387-F2C4D06DA1F2}"
EndProject
Global
	GlobalSection(SolutionConfigurationPlatforms) = preSolution
		Debug|Any CPU = Debug|Any CPU
		Release|Any CPU = Release|Any CPU
	EndGlobalSection
	GlobalSection(ProjectConfigurationPlatforms) = postSolution
		{FE4394B5-2E29-4D85-A33E-BF4AE86D3980}.Debug|Any CPU.ActiveCfg = Debug|Any CPU
		{FE4394B5-2E29-4D85-A33E-BF4AE86D3980}.Debug|Any CPU.Build.0 = Debug|Any CPU
		{FE4394B5-2E29-4D85-A33E-BF4AE86D3980}.Release|Any CPU.ActiveCfg = Release|Any CPU
		{FE4394B5-2E29-4D85-A33E-BF4AE86D3980}.Release|Any CPU.Build.0 = Release|Any CPU
		{CDB9A4B0-A4FB-474A-AEEC-B18A4B2FD95F}.Debug|Any CPU.ActiveCfg = Debug|Any CPU
		{CDB9A4B0-A4FB-474A-AEEC-B18A4B2FD95F}.Debug|Any CPU.Build.0 = Debug|Any CPU
		{CDB9A4B0-A4FB-474A-AEEC-B18A4B2FD95F}.Release|Any CPU.ActiveCfg = Release|Any CPU
		{CDB9A4B0-A4FB-474A-AEEC-B18A4B2FD95F}.Release|Any CPU.Build.0 = Release|Any CPU
		{631686CD-BFA9-41CF-A387-F2C4D06DA1F2}.Debug|Any CPU.ActiveCfg = Debug|Any CPU
		{631686CD-BFA9-41CF-A387-F2C4D06DA1F2}.Debug|Any CPU.Build.0 = Debug|Any CPU
		{631686CD-BFA9-41CF-A387-F2C4D06DA1F2}.Release|Any CPU.ActiveCfg = Release|Any CPU
		{631686CD-BFA9-41CF-A387-F2C4D06DA1F2}.Release|Any CPU.Build.0 = Release|Any CPU
	EndGlobalSection
	GlobalSection(SolutionProperties) = preSolution
		HideSolutionNode = FALSE
	EndGlobalSection
	GlobalSection(ExtensibilityGlobals) = postSolution
		SolutionGuid = {F9005E32-A927-411F-AD8E-860E674A03A5}
	EndGlobalSection
EndGlobal
